// !$*UTF8*$!
{
	archiveVersion = 1;
	classes = {
	};
	objectVersion = 46;
	objects = {

/* Begin PBXBuildFile section */
		3C75C89C1B224CFB002C1308 /* WhiskeyViewController.m in Sources */ = {isa = PBXBuildFile; fileRef = 3C75C89B1B224CFB002C1308 /* WhiskeyViewController.m */; };
		3C99391D1B22316100E3BB67 /* main.m in Sources */ = {isa = PBXBuildFile; fileRef = 3C99391C1B22316100E3BB67 /* main.m */; };
		3C9939201B22316100E3BB67 /* AppDelegate.m in Sources */ = {isa = PBXBuildFile; fileRef = 3C99391F1B22316100E3BB67 /* AppDelegate.m */; };
		3C9939231B22316100E3BB67 /* ViewController.m in Sources */ = {isa = PBXBuildFile; fileRef = 3C9939221B22316100E3BB67 /* ViewController.m */; };
		3C9939261B22316100E3BB67 /* Main.storyboard in Resources */ = {isa = PBXBuildFile; fileRef = 3C9939241B22316100E3BB67 /* Main.storyboard */; };
		3C9939281B22316100E3BB67 /* Images.xcassets in Resources */ = {isa = PBXBuildFile; fileRef = 3C9939271B22316100E3BB67 /* Images.xcassets */; };
		3C99392B1B22316100E3BB67 /* LaunchScreen.xib in Resources */ = {isa = PBXBuildFile; fileRef = 3C9939291B22316100E3BB67 /* LaunchScreen.xib */; };
		3C9939371B22316100E3BB67 /* AlcolatorTests.m in Sources */ = {isa = PBXBuildFile; fileRef = 3C9939361B22316100E3BB67 /* AlcolatorTests.m */; };
/* End PBXBuildFile section */

/* Begin PBXContainerItemProxy section */
		3C9939311B22316100E3BB67 /* PBXContainerItemProxy */ = {
			isa = PBXContainerItemProxy;
			containerPortal = 3C99390F1B22316100E3BB67 /* Project object */;
			proxyType = 1;
			remoteGlobalIDString = 3C9939161B22316100E3BB67;
			remoteInfo = Alcolator;
		};
/* End PBXContainerItemProxy section */

/* Begin PBXFileReference section */
		3C75C89A1B224CFB002C1308 /* WhiskeyViewController.h */ = {isa = PBXFileReference; fileEncoding = 4; lastKnownFileType = sourcecode.c.h; path = WhiskeyViewController.h; sourceTree = "<group>"; };
		3C75C89B1B224CFB002C1308 /* WhiskeyViewController.m */ = {isa = PBXFileReference; fileEncoding = 4; lastKnownFileType = sourcecode.c.objc; path = WhiskeyViewController.m; sourceTree = "<group>"; };
		3C9939171B22316100E3BB67 /* Alcolator.app */ = {isa = PBXFileReference; explicitFileType = wrapper.application; includeInIndex = 0; path = Alcolator.app; sourceTree = BUILT_PRODUCTS_DIR; };
		3C99391B1B22316100E3BB67 /* Info.plist */ = {isa = PBXFileReference; lastKnownFileType = text.plist.xml; path = Info.plist; sourceTree = "<group>"; };
		3C99391C1B22316100E3BB67 /* main.m */ = {isa = PBXFileReference; lastKnownFileType = sourcecode.c.objc; path = main.m; sourceTree = "<group>"; };
		3C99391E1B22316100E3BB67 /* AppDelegate.h */ = {isa = PBXFileReference; lastKnownFileType = sourcecode.c.h; path = AppDelegate.h; sourceTree = "<group>"; };
		3C99391F1B22316100E3BB67 /* AppDelegate.m */ = {isa = PBXFileReference; lastKnownFileType = sourcecode.c.objc; path = AppDelegate.m; sourceTree = "<group>"; };
		3C9939211B22316100E3BB67 /* ViewController.h */ = {isa = PBXFileReference; lastKnownFileType = sourcecode.c.h; path = ViewController.h; sourceTree = "<group>"; };
		3C9939221B22316100E3BB67 /* ViewController.m */ = {isa = PBXFileReference; lastKnownFileType = sourcecode.c.objc; path = ViewController.m; sourceTree = "<group>"; };
		3C9939251B22316100E3BB67 /* Base */ = {isa = PBXFileReference; lastKnownFileType = file.storyboard; name = Base; path = Base.lproj/Main.storyboard; sourceTree = "<group>"; };
		3C9939271B22316100E3BB67 /* Images.xcassets */ = {isa = PBXFileReference; lastKnownFileType = folder.assetcatalog; path = Images.xcassets; sourceTree = "<group>"; };
		3C99392A1B22316100E3BB67 /* Base */ = {isa = PBXFileReference; lastKnownFileType = file.xib; name = Base; path = Base.lproj/LaunchScreen.xib; sourceTree = "<group>"; };
		3C9939301B22316100E3BB67 /* AlcolatorTests.xctest */ = {isa = PBXFileReference; explicitFileType = wrapper.cfbundle; includeInIndex = 0; path = AlcolatorTests.xctest; sourceTree = BUILT_PRODUCTS_DIR; };
		3C9939351B22316100E3BB67 /* Info.plist */ = {isa = PBXFileReference; lastKnownFileType = text.plist.xml; path = Info.plist; sourceTree = "<group>"; };
		3C9939361B22316100E3BB67 /* AlcolatorTests.m */ = {isa = PBXFileReference; lastKnownFileType = sourcecode.c.objc; path = AlcolatorTests.m; sourceTree = "<group>"; };
/* End PBXFileReference section */

/* Begin PBXFrameworksBuildPhase section */
		3C9939141B22316100E3BB67 /* Frameworks */ = {
			isa = PBXFrameworksBuildPhase;
			buildActionMask = 2147483647;
			files = (
			);
			runOnlyForDeploymentPostprocessing = 0;
		};
		3C99392D1B22316100E3BB67 /* Frameworks */ = {
			isa = PBXFrameworksBuildPhase;
			buildActionMask = 2147483647;
			files = (
			);
			runOnlyForDeploymentPostprocessing = 0;
		};
/* End PBXFrameworksBuildPhase section */

/* Begin PBXGroup section */
		3C99390E1B22316100E3BB67 = {
			isa = PBXGroup;
			children = (
				3C9939191B22316100E3BB67 /* Alcolator */,
				3C9939331B22316100E3BB67 /* AlcolatorTests */,
				3C9939181B22316100E3BB67 /* Products */,
			);
			sourceTree = "<group>";
		};
		3C9939181B22316100E3BB67 /* Products */ = {
			isa = PBXGroup;
			children = (
				3C9939171B22316100E3BB67 /* Alcolator.app */,
				3C9939301B22316100E3BB67 /* AlcolatorTests.xctest */,
			);
			name = Products;
			sourceTree = "<group>";
		};
		3C9939191B22316100E3BB67 /* Alcolator */ = {
			isa = PBXGroup;
			children = (
				3C99391E1B22316100E3BB67 /* AppDelegate.h */,
				3C99391F1B22316100E3BB67 /* AppDelegate.m */,
				3C9939211B22316100E3BB67 /* ViewController.h */,
				3C9939221B22316100E3BB67 /* ViewController.m */,
				3C9939241B22316100E3BB67 /* Main.storyboard */,
				3C9939271B22316100E3BB67 /* Images.xcassets */,
				3C9939291B22316100E3BB67 /* LaunchScreen.xib */,
				3C99391A1B22316100E3BB67 /* Supporting Files */,
				3C75C89A1B224CFB002C1308 /* WhiskeyViewController.h */,
				3C75C89B1B224CFB002C1308 /* WhiskeyViewController.m */,
			);
			path = Alcolator;
			sourceTree = "<group>";
		};
		3C99391A1B22316100E3BB67 /* Supporting Files */ = {
			isa = PBXGroup;
			children = (
				3C99391B1B22316100E3BB67 /* Info.plist */,
				3C99391C1B22316100E3BB67 /* main.m */,
			);
			name = "Supporting Files";
			sourceTree = "<group>";
		};
		3C9939331B22316100E3BB67 /* AlcolatorTests */ = {
			isa = PBXGroup;
			children = (
				3C9939361B22316100E3BB67 /* AlcolatorTests.m */,
				3C9939341B22316100E3BB67 /* Supporting Files */,
			);
			path = AlcolatorTests;
			sourceTree = "<group>";
		};
		3C9939341B22316100E3BB67 /* Supporting Files */ = {
			isa = PBXGroup;
			children = (
				3C9939351B22316100E3BB67 /* Info.plist */,
			);
			name = "Supporting Files";
			sourceTree = "<group>";
		};
/* End PBXGroup section */

/* Begin PBXNativeTarget section */
		3C9939161B22316100E3BB67 /* Alcolator */ = {
			isa = PBXNativeTarget;
			buildConfigurationList = 3C99393A1B22316100E3BB67 /* Build configuration list for PBXNativeTarget "Alcolator" */;
			buildPhases = (
				3C9939131B22316100E3BB67 /* Sources */,
				3C9939141B22316100E3BB67 /* Frameworks */,
				3C9939151B22316100E3BB67 /* Resources */,
			);
			buildRules = (
			);
			dependencies = (
			);
			name = Alcolator;
			productName = Alcolator;
			productReference = 3C9939171B22316100E3BB67 /* Alcolator.app */;
			productType = "com.apple.product-type.application";
		};
		3C99392F1B22316100E3BB67 /* AlcolatorTests */ = {
			isa = PBXNativeTarget;
			buildConfigurationList = 3C99393D1B22316100E3BB67 /* Build configuration list for PBXNativeTarget "AlcolatorTests" */;
			buildPhases = (
				3C99392C1B22316100E3BB67 /* Sources */,
				3C99392D1B22316100E3BB67 /* Frameworks */,
				3C99392E1B22316100E3BB67 /* Resources */,
			);
			buildRules = (
			);
			dependencies = (
				3C9939321B22316100E3BB67 /* PBXTargetDependency */,
			);
			name = AlcolatorTests;
			productName = AlcolatorTests;
			productReference = 3C9939301B22316100E3BB67 /* AlcolatorTests.xctest */;
			productType = "com.apple.product-type.bundle.unit-test";
		};
/* End PBXNativeTarget section */

/* Begin PBXProject section */
		3C99390F1B22316100E3BB67 /* Project object */ = {
			isa = PBXProject;
			attributes = {
				LastUpgradeCheck = 0630;
				ORGANIZATIONNAME = Bloc;
				TargetAttributes = {
					3C9939161B22316100E3BB67 = {
						CreatedOnToolsVersion = 6.3.2;
					};
					3C99392F1B22316100E3BB67 = {
						CreatedOnToolsVersion = 6.3.2;
						TestTargetID = 3C9939161B22316100E3BB67;
					};
				};
			};
			buildConfigurationList = 3C9939121B22316100E3BB67 /* Build configuration list for PBXProject "Alcolator" */;
			compatibilityVersion = "Xcode 3.2";
			developmentRegion = English;
			hasScannedForEncodings = 0;
			knownRegions = (
				en,
				Base,
			);
			mainGroup = 3C99390E1B22316100E3BB67;
			productRefGroup = 3C9939181B22316100E3BB67 /* Products */;
			projectDirPath = "";
			projectRoot = "";
			targets = (
				3C9939161B22316100E3BB67 /* Alcolator */,
				3C99392F1B22316100E3BB67 /* AlcolatorTests */,
			);
		};
/* End PBXProject section */

/* Begin PBXResourcesBuildPhase section */
		3C9939151B22316100E3BB67 /* Resources */ = {
			isa = PBXResourcesBuildPhase;
			buildActionMask = 2147483647;
			files = (
				3C9939261B22316100E3BB67 /* Main.storyboard in Resources */,
				3C99392B1B22316100E3BB67 /* LaunchScreen.xib in Resources */,
				3C9939281B22316100E3BB67 /* Images.xcassets in Resources */,
			);
			runOnlyForDeploymentPostprocessing = 0;
		};
		3C99392E1B22316100E3BB67 /* Resources */ = {
			isa = PBXResourcesBuildPhase;
			buildActionMask = 2147483647;
			files = (
			);
			runOnlyForDeploymentPostprocessing = 0;
		};
/* End PBXResourcesBuildPhase section */

/* Begin PBXSourcesBuildPhase section */
		3C9939131B22316100E3BB67 /* Sources */ = {
			isa = PBXSourcesBuildPhase;
			buildActionMask = 2147483647;
			files = (
				3C9939231B22316100E3BB67 /* ViewController.m in Sources */,
				3C75C89C1B224CFB002C1308 /* WhiskeyViewController.m in Sources */,
				3C9939201B22316100E3BB67 /* AppDelegate.m in Sources */,
				3C99391D1B22316100E3BB67 /* main.m in Sources */,
			);
			runOnlyForDeploymentPostprocessing = 0;
		};
		3C99392C1B22316100E3BB67 /* Sources */ = {
			isa = PBXSourcesBuildPhase;
			buildActionMask = 2147483647;
			files = (
				3C9939371B22316100E3BB67 /* AlcolatorTests.m in Sources */,
			);
			runOnlyForDeploymentPostprocessing = 0;
		};
/* End PBXSourcesBuildPhase section */

/* Begin PBXTargetDependency section */
		3C9939321B22316100E3BB67 /* PBXTargetDependency */ = {
			isa = PBXTargetDependency;
			target = 3C9939161B22316100E3BB67 /* Alcolator */;
			targetProxy = 3C9939311B22316100E3BB67 /* PBXContainerItemProxy */;
		};
/* End PBXTargetDependency section */

/* Begin PBXVariantGroup section */
		3C9939241B22316100E3BB67 /* Main.storyboard */ = {
			isa = PBXVariantGroup;
			children = (
				3C9939251B22316100E3BB67 /* Base */,
			);
			name = Main.storyboard;
			sourceTree = "<group>";
		};
		3C9939291B22316100E3BB67 /* LaunchScreen.xib */ = {
			isa = PBXVariantGroup;
			children = (
				3C99392A1B22316100E3BB67 /* Base */,
			);
			name = LaunchScreen.xib;
			sourceTree = "<group>";
		};
/* End PBXVariantGroup section */

/* Begin XCBuildConfiguration section */
		3C9939381B22316100E3BB67 /* Debug */ = {
			isa = XCBuildConfiguration;
			buildSettings = {
				ALWAYS_SEARCH_USER_PATHS = NO;
				CLANG_CXX_LANGUAGE_STANDARD = "gnu++0x";
				CLANG_CXX_LIBRARY = "libc++";
				CLANG_ENABLE_MODULES = YES;
				CLANG_ENABLE_OBJC_ARC = YES;
				CLANG_WARN_BOOL_CONVERSION = YES;
				CLANG_WARN_CONSTANT_CONVERSION = YES;
				CLANG_WARN_DIRECT_OBJC_ISA_USAGE = YES_ERROR;
				CLANG_WARN_EMPTY_BODY = YES;
				CLANG_WARN_ENUM_CONVERSION = YES;
				CLANG_WARN_INT_CONVERSION = YES;
				CLANG_WARN_OBJC_ROOT_CLASS = YES_ERROR;
				CLANG_WARN_UNREACHABLE_CODE = YES;
				CLANG_WARN__DUPLICATE_METHOD_MATCH = YES;
				"CODE_SIGN_IDENTITY[sdk=iphoneos*]" = "iPhone Developer";
				COPY_PHASE_STRIP = NO;
				DEBUG_INFORMATION_FORMAT = "dwarf-with-dsym";
				ENABLE_STRICT_OBJC_MSGSEND = YES;
				GCC_C_LANGUAGE_STANDARD = gnu99;
				GCC_DYNAMIC_NO_PIC = NO;
				GCC_NO_COMMON_BLOCKS = YES;
				GCC_OPTIMIZATION_LEVEL = 0;
				GCC_PREPROCESSOR_DEFINITIONS = (
					"DEBUG=1",
					"$(inherited)",
				);
				GCC_SYMBOLS_PRIVATE_EXTERN = NO;
				GCC_WARN_64_TO_32_BIT_CONVERSION = YES;
				GCC_WARN_ABOUT_RETURN_TYPE = YES_ERROR;
				GCC_WARN_UNDECLARED_SELECTOR = YES;
				GCC_WARN_UNINITIALIZED_AUTOS = YES_AGGRESSIVE;
				GCC_WARN_UNUSED_FUNCTION = YES;
				GCC_WARN_UNUSED_VARIABLE = YES;
				IPHONEOS_DEPLOYMENT_TARGET = 8.3;
				MTL_ENABLE_DEBUG_INFO = YES;
				ONLY_ACTIVE_ARCH = YES;
				SDKROOT = iphoneos;
				TARGETED_DEVICE_FAMILY = "1,2";
			};
			name = Debug;
		};
		3C9939391B22316100E3BB67 /* Release */ = {
			isa = XCBuildConfiguration;
			buildSettings = {
				ALWAYS_SEARCH_USER_PATHS = NO;
				CLANG_CXX_LANGUAGE_STANDARD = "gnu++0x";
				CLANG_CXX_LIBRARY = "libc++";
				CLANG_ENABLE_MODULES = YES;
				CLANG_ENABLE_OBJC_ARC = YES;
				CLANG_WARN_BOOL_CONVERSION = YES;
				CLANG_WARN_CONSTANT_CONVERSION = YES;
				CLANG_WARN_DIRECT_OBJC_ISA_USAGE = YES_ERROR;
				CLANG_WARN_EMPTY_BODY = YES;
				CLANG_WARN_ENUM_CONVERSION = YES;
				CLANG_WARN_INT_CONVERSION = YES;
				CLANG_WARN_OBJC_ROOT_CLASS = YES_ERROR;
				CLANG_WARN_UNREACHABLE_CODE = YES;
				CLANG_WARN__DUPLICATE_METHOD_MATCH = YES;
				"CODE_SIGN_IDENTITY[sdk=iphoneos*]" = "iPhone Developer";
				COPY_PHASE_STRIP = NO;
				DEBUG_INFORMATION_FORMAT = "dwarf-with-dsym";
				ENABLE_NS_ASSERTIONS = NO;
				ENABLE_STRICT_OBJC_MSGSEND = YES;
				GCC_C_LANGUAGE_STANDARD = gnu99;
				GCC_NO_COMMON_BLOCKS = YES;
				GCC_WARN_64_TO_32_BIT_CONVERSION = YES;
				GCC_WARN_ABOUT_RETURN_TYPE = YES_ERROR;
				GCC_WARN_UNDECLARED_SELECTOR = YES;
				GCC_WARN_UNINITIALIZED_AUTOS = YES_AGGRESSIVE;
				GCC_WARN_UNUSED_FUNCTION = YES;
				GCC_WARN_UNUSED_VARIABLE = YES;
				IPHONEOS_DEPLOYMENT_TARGET = 8.3;
				MTL_ENABLE_DEBUG_INFO = NO;
				SDKROOT = iphoneos;
				TARGETED_DEVICE_FAMILY = "1,2";
				VALIDATE_PRODUCT = YES;
			};
			name = Release;
		};
		3C99393B1B22316100E3BB67 /* Debug */ = {
			isa = XCBuildConfiguration;
			buildSettings = {
				ASSETCATALOG_COMPILER_APPICON_NAME = AppIcon;
				INFOPLIST_FILE = Alcolator/Info.plist;
				LD_RUNPATH_SEARCH_PATHS = "$(inherited) @executable_path/Frameworks";
				PRODUCT_NAME = "$(TARGET_NAME)";
			};
			name = Debug;
		};
		3C99393C1B22316100E3BB67 /* Release */ = {
			isa = XCBuildConfiguration;
			buildSettings = {
				ASSETCATALOG_COMPILER_APPICON_NAME = AppIcon;
				INFOPLIST_FILE = Alcolator/Info.plist;
				LD_RUNPATH_SEARCH_PATHS = "$(inherited) @executable_path/Frameworks";
				PRODUCT_NAME = "$(TARGET_NAME)";
			};
			name = Release;
		};
		3C99393E1B22316100E3BB67 /* Debug */ = {
			isa = XCBuildConfiguration;
			buildSettings = {
				BUNDLE_LOADER = "$(TEST_HOST)";
				FRAMEWORK_SEARCH_PATHS = (
					"$(SDKROOT)/Developer/Library/Frameworks",
					"$(inherited)",
				);
				GCC_PREPROCESSOR_DEFINITIONS = (
					"DEBUG=1",
					"$(inherited)",
				);
				INFOPLIST_FILE = AlcolatorTests/Info.plist;
				LD_RUNPATH_SEARCH_PATHS = "$(inherited) @executable_path/Frameworks @loader_path/Frameworks";
				PRODUCT_NAME = "$(TARGET_NAME)";
				TEST_HOST = "$(BUILT_PRODUCTS_DIR)/Alcolator.app/Alcolator";
			};
			name = Debug;
		};
		3C99393F1B22316100E3BB67 /* Release */ = {
			isa = XCBuildConfiguration;
			buildSettings = {
				BUNDLE_LOADER = "$(TEST_HOST)";
				FRAMEWORK_SEARCH_PATHS = (
					"$(SDKROOT)/Developer/Library/Frameworks",
					"$(inherited)",
				);
				INFOPLIST_FILE = AlcolatorTests/Info.plist;
				LD_RUNPATH_SEARCH_PATHS = "$(inherited) @executable_path/Frameworks @loader_path/Frameworks";
				PRODUCT_NAME = "$(TARGET_NAME)";
				TEST_HOST = "$(BUILT_PRODUCTS_DIR)/Alcolator.app/Alcolator";
			};
			name = Release;
		};
/* End XCBuildConfiguration section */

/* Begin XCConfigurationList section */
		3C9939121B22316100E3BB67 /* Build configuration list for PBXProject "Alcolator" */ = {
			isa = XCConfigurationList;
			buildConfigurations = (
				3C9939381B22316100E3BB67 /* Debug */,
				3C9939391B22316100E3BB67 /* Release */,
			);
			defaultConfigurationIsVisible = 0;
			defaultConfigurationName = Release;
		};
		3C99393A1B22316100E3BB67 /* Build configuration list for PBXNativeTarget "Alcolator" */ = {
			isa = XCConfigurationList;
			buildConfigurations = (
				3C99393B1B22316100E3BB67 /* Debug */,
				3C99393C1B22316100E3BB67 /* Release */,
			);
			defaultConfigurationIsVisible = 0;
			defaultConfigurationName = Release;
		};
		3C99393D1B22316100E3BB67 /* Build configuration list for PBXNativeTarget "AlcolatorTests" */ = {
			isa = XCConfigurationList;
			buildConfigurations = (
				3C99393E1B22316100E3BB67 /* Debug */,
				3C99393F1B22316100E3BB67 /* Release */,
			);
			defaultConfigurationIsVisible = 0;
			defaultConfigurationName = Release;
		};
/* End XCConfigurationList section */
	};
	rootObject = 3C99390F1B22316100E3BB67 /* Project object */;
}
